
Microsoft Visual Studio Solution File, Format Version 12.00
# Visual Studio Version 17
VisualStudioVersion = 17.9.34728.123
MinimumVisualStudioVersion = 10.0.40219.1
Project("{FAE04EC0-301F-11D3-BF4B-00C04F79EFBC}") = "EmailProviderSystem.Services", "EmailProviderSystem.Services\EmailProviderSystem.Services.csproj", "{BF8F028C-FB32-4E68-8F42-7AA4C923EC0E}"
EndProject
Project("{FAE04EC0-301F-11D3-BF4B-00C04F79EFBC}") = "EmailProviderSystem.Entities", "EmailProviderSystem.Entities\EmailProviderSystem.Entities.csproj", "{0124535B-02AC-4929-8CFD-18EC36E415B7}"
EndProject
Project("{FAE04EC0-301F-11D3-BF4B-00C04F79EFBC}") = "EmailProviderSystem.Web.APIs", "EmailProviderSystem.Web.APIs\EmailProviderSystem.Web.APIs.csproj", "{042A3F27-C15E-4E43-8A54-DB2242CF8AF2}"
EndProject
Project("{FAE04EC0-301F-11D3-BF4B-00C04F79EFBC}") = "EmailProviderSystem.Data", "EmailProviderSystem.Data\EmailProviderSystem.Data.csproj", "{0D310F4B-860D-4C05-BF7F-D2BBFED79BFE}"
EndProject
Global
	GlobalSection(SolutionConfigurationPlatforms) = preSolution
		Debug|Any CPU = Debug|Any CPU
		Release|Any CPU = Release|Any CPU
	EndGlobalSection
	GlobalSection(ProjectConfigurationPlatforms) = postSolution
		{BF8F028C-FB32-4E68-8F42-7AA4C923EC0E}.Debug|Any CPU.ActiveCfg = Debug|Any CPU
		{BF8F028C-FB32-4E68-8F42-7AA4C923EC0E}.Debug|Any CPU.Build.0 = Debug|Any CPU
		{BF8F028C-FB32-4E68-8F42-7AA4C923EC0E}.Release|Any CPU.ActiveCfg = Release|Any CPU
		{BF8F028C-FB32-4E68-8F42-7AA4C923EC0E}.Release|Any CPU.Build.0 = Release|Any CPU
		{0124535B-02AC-4929-8CFD-18EC36E415B7}.Debug|Any CPU.ActiveCfg = Debug|Any CPU
		{0124535B-02AC-4929-8CFD-18EC36E415B7}.Debug|Any CPU.Build.0 = Debug|Any CPU
		{0124535B-02AC-4929-8CFD-18EC36E415B7}.Release|Any CPU.ActiveCfg = Release|Any CPU
		{0124535B-02AC-4929-8CFD-18EC36E415B7}.Release|Any CPU.Build.0 = Release|Any CPU
		{042A3F27-C15E-4E43-8A54-DB2242CF8AF2}.Debug|Any CPU.ActiveCfg = Debug|Any CPU
		{042A3F27-C15E-4E43-8A54-DB2242CF8AF2}.Debug|Any CPU.Build.0 = Debug|Any CPU
		{042A3F27-C15E-4E43-8A54-DB2242CF8AF2}.Release|Any CPU.ActiveCfg = Release|Any CPU
		{042A3F27-C15E-4E43-8A54-DB2242CF8AF2}.Release|Any CPU.Build.0 = Release|Any CPU
		{0D310F4B-860D-4C05-BF7F-D2BBFED79BFE}.Debug|Any CPU.ActiveCfg = Debug|Any CPU
		{0D310F4B-860D-4C05-BF7F-D2BBFED79BFE}.Debug|Any CPU.Build.0 = Debug|Any CPU
		{0D310F4B-860D-4C05-BF7F-D2BBFED79BFE}.Release|Any CPU.ActiveCfg = Release|Any CPU
		{0D310F4B-860D-4C05-BF7F-D2BBFED79BFE}.Release|Any CPU.Build.0 = Release|Any CPU
	EndGlobalSection
	GlobalSection(SolutionProperties) = preSolution
		HideSolutionNode = FALSE
	EndGlobalSection
	GlobalSection(ExtensibilityGlobals) = postSolution
		SolutionGuid = {33A341D9-77E7-4086-B80B-DD8DDDC068DD}
	EndGlobalSection
EndGlobal
